
Microsoft Visual Studio Solution File, Format Version 12.00
# Visual Studio 15
VisualStudioVersion = 15.0.28307.489
MinimumVisualStudioVersion = 10.0.40219.1
Project("{FAE04EC0-301F-11D3-BF4B-00C04F79EFBC}") = "RestaurantManager", "RestaurantManager\RestaurantManager.csproj", "{F8FE3C35-1A64-4BAC-9306-8DBE97780058}"
EndProject
Project("{2150E333-8FDC-42A3-9474-1A3956D46DE8}") = "Solution Items", "Solution Items", "{53A6112A-8BDD-415A-A1DC-0001FD01A498}"
	ProjectSection(SolutionItems) = preProject
		.editorconfig = .editorconfig
	EndProjectSection
EndProject
Project("{54435603-DBB4-11D2-8724-00A0C9A8B90C}") = "Setup", "Setup\Setup.vdproj", "{DE2E62C2-064B-4D92-9D31-F8D9363507F7}"
EndProject
Global
	GlobalSection(SolutionConfigurationPlatforms) = preSolution
		Debug|Any CPU = Debug|Any CPU
		Release|Any CPU = Release|Any CPU
	EndGlobalSection
	GlobalSection(ProjectConfigurationPlatforms) = postSolution
		{F8FE3C35-1A64-4BAC-9306-8DBE97780058}.Debug|Any CPU.ActiveCfg = Debug|Any CPU
		{F8FE3C35-1A64-4BAC-9306-8DBE97780058}.Debug|Any CPU.Build.0 = Debug|Any CPU
		{F8FE3C35-1A64-4BAC-9306-8DBE97780058}.Release|Any CPU.ActiveCfg = Release|Any CPU
		{F8FE3C35-1A64-4BAC-9306-8DBE97780058}.Release|Any CPU.Build.0 = Release|Any CPU
		{DE2E62C2-064B-4D92-9D31-F8D9363507F7}.Debug|Any CPU.ActiveCfg = Debug
		{DE2E62C2-064B-4D92-9D31-F8D9363507F7}.Release|Any CPU.ActiveCfg = Release
	EndGlobalSection
	GlobalSection(SolutionProperties) = preSolution
		HideSolutionNode = FALSE
	EndGlobalSection
	GlobalSection(ExtensibilityGlobals) = postSolution
		SolutionGuid = {11B0A424-18EF-4314-BD53-A629C45B2F40}
	EndGlobalSection
EndGlobal
